// !$*UTF8*$!
{
	archiveVersion = 1;
	classes = {
	};
	objectVersion = 51;
	objects = {

/* Begin PBXBuildFile section */
		2697265D6199345CA4595CC1 /* Pods_Test_5_4.framework in Frameworks */ = {isa = PBXBuildFile; fileRef = 8C735638213A30C89A624ED6 /* Pods_Test_5_4.framework */; };
		48F7D3B71C9510684A09088F /* Pods_Test_5_4UITests.framework in Frameworks */ = {isa = PBXBuildFile; fileRef = 43A583F0620CB64C660CA62C /* Pods_Test_5_4UITests.framework */; };
		4B3FF8B0F8ACA2143EF20B12 /* Pods_Test_5_4Tests.framework in Frameworks */ = {isa = PBXBuildFile; fileRef = EEDFBAFDAFC0346104EBC6B5 /* Pods_Test_5_4Tests.framework */; };
		861D704B231C110700872C1B /* AppDelegate.swift in Sources */ = {isa = PBXBuildFile; fileRef = 861D704A231C110700872C1B /* AppDelegate.swift */; };
		861D704D231C110700872C1B /* ViewController.swift in Sources */ = {isa = PBXBuildFile; fileRef = 861D704C231C110700872C1B /* ViewController.swift */; };
		861D7050231C110700872C1B /* Main.storyboard in Resources */ = {isa = PBXBuildFile; fileRef = 861D704E231C110700872C1B /* Main.storyboard */; };
		861D7052231C110800872C1B /* Assets.xcassets in Resources */ = {isa = PBXBuildFile; fileRef = 861D7051231C110800872C1B /* Assets.xcassets */; };
		861D7055231C110800872C1B /* LaunchScreen.storyboard in Resources */ = {isa = PBXBuildFile; fileRef = 861D7053231C110800872C1B /* LaunchScreen.storyboard */; };
		861D7060231C110800872C1B /* Test_5_4Tests.swift in Sources */ = {isa = PBXBuildFile; fileRef = 861D705F231C110800872C1B /* Test_5_4Tests.swift */; };
		861D706B231C110800872C1B /* Test_5_4UITests.swift in Sources */ = {isa = PBXBuildFile; fileRef = 861D706A231C110800872C1B /* Test_5_4UITests.swift */; };
		861D707A231C114400872C1B /* TopViewController.swift in Sources */ = {isa = PBXBuildFile; fileRef = 861D7078231C114400872C1B /* TopViewController.swift */; };
		861D707B231C114400872C1B /* TopViewController.xib in Resources */ = {isa = PBXBuildFile; fileRef = 861D7079231C114400872C1B /* TopViewController.xib */; };
		861D707E231C11A700872C1B /* TopMainView.swift in Sources */ = {isa = PBXBuildFile; fileRef = 861D707C231C11A700872C1B /* TopMainView.swift */; };
		861D707F231C11A700872C1B /* TopMainView.xib in Resources */ = {isa = PBXBuildFile; fileRef = 861D707D231C11A700872C1B /* TopMainView.xib */; };
		861D7082231C11E300872C1B /* TopMainTableViewCell.swift in Sources */ = {isa = PBXBuildFile; fileRef = 861D7080231C11E300872C1B /* TopMainTableViewCell.swift */; };
		861D7083231C11E300872C1B /* TopMainTableViewCell.xib in Resources */ = {isa = PBXBuildFile; fileRef = 861D7081231C11E300872C1B /* TopMainTableViewCell.xib */; };
/* End PBXBuildFile section */

/* Begin PBXContainerItemProxy section */
		861D705C231C110800872C1B /* PBXContainerItemProxy */ = {
			isa = PBXContainerItemProxy;
			containerPortal = 861D703F231C110700872C1B /* Project object */;
			proxyType = 1;
			remoteGlobalIDString = 861D7046231C110700872C1B;
			remoteInfo = "Test-5-4";
		};
		861D7067231C110800872C1B /* PBXContainerItemProxy */ = {
			isa = PBXContainerItemProxy;
			containerPortal = 861D703F231C110700872C1B /* Project object */;
			proxyType = 1;
			remoteGlobalIDString = 861D7046231C110700872C1B;
			remoteInfo = "Test-5-4";
		};
/* End PBXContainerItemProxy section */

/* Begin PBXFileReference section */
		0A2A065D55D4D7B39568DD4C /* Pods-Test-5-4Tests.debug.xcconfig */ = {isa = PBXFileReference; includeInIndex = 1; lastKnownFileType = text.xcconfig; name = "Pods-Test-5-4Tests.debug.xcconfig"; path = "Target Support Files/Pods-Test-5-4Tests/Pods-Test-5-4Tests.debug.xcconfig"; sourceTree = "<group>"; };
		2C2BFFFEC3AE805CA9682653 /* Pods-Test-5-4Tests.release.xcconfig */ = {isa = PBXFileReference; includeInIndex = 1; lastKnownFileType = text.xcconfig; name = "Pods-Test-5-4Tests.release.xcconfig"; path = "Target Support Files/Pods-Test-5-4Tests/Pods-Test-5-4Tests.release.xcconfig"; sourceTree = "<group>"; };
		31E49B84112FEA064FF2333A /* Pods-Test-5-4.debug.xcconfig */ = {isa = PBXFileReference; includeInIndex = 1; lastKnownFileType = text.xcconfig; name = "Pods-Test-5-4.debug.xcconfig"; path = "Target Support Files/Pods-Test-5-4/Pods-Test-5-4.debug.xcconfig"; sourceTree = "<group>"; };
		43A583F0620CB64C660CA62C /* Pods_Test_5_4UITests.framework */ = {isa = PBXFileReference; explicitFileType = wrapper.framework; includeInIndex = 0; path = Pods_Test_5_4UITests.framework; sourceTree = BUILT_PRODUCTS_DIR; };
		861D7047231C110700872C1B /* Test-5-4.app */ = {isa = PBXFileReference; explicitFileType = wrapper.application; includeInIndex = 0; path = "Test-5-4.app"; sourceTree = BUILT_PRODUCTS_DIR; };
		861D704A231C110700872C1B /* AppDelegate.swift */ = {isa = PBXFileReference; lastKnownFileType = sourcecode.swift; path = AppDelegate.swift; sourceTree = "<group>"; };
		861D704C231C110700872C1B /* ViewController.swift */ = {isa = PBXFileReference; lastKnownFileType = sourcecode.swift; path = ViewController.swift; sourceTree = "<group>"; };
		861D704F231C110700872C1B /* Base */ = {isa = PBXFileReference; lastKnownFileType = file.storyboard; name = Base; path = Base.lproj/Main.storyboard; sourceTree = "<group>"; };
		861D7051231C110800872C1B /* Assets.xcassets */ = {isa = PBXFileReference; lastKnownFileType = folder.assetcatalog; path = Assets.xcassets; sourceTree = "<group>"; };
		861D7054231C110800872C1B /* Base */ = {isa = PBXFileReference; lastKnownFileType = file.storyboard; name = Base; path = Base.lproj/LaunchScreen.storyboard; sourceTree = "<group>"; };
		861D7056231C110800872C1B /* Info.plist */ = {isa = PBXFileReference; lastKnownFileType = text.plist.xml; path = Info.plist; sourceTree = "<group>"; };
		861D705B231C110800872C1B /* Test-5-4Tests.xctest */ = {isa = PBXFileReference; explicitFileType = wrapper.cfbundle; includeInIndex = 0; path = "Test-5-4Tests.xctest"; sourceTree = BUILT_PRODUCTS_DIR; };
		861D705F231C110800872C1B /* Test_5_4Tests.swift */ = {isa = PBXFileReference; lastKnownFileType = sourcecode.swift; path = Test_5_4Tests.swift; sourceTree = "<group>"; };
		861D7061231C110800872C1B /* Info.plist */ = {isa = PBXFileReference; lastKnownFileType = text.plist.xml; path = Info.plist; sourceTree = "<group>"; };
		861D7066231C110800872C1B /* Test-5-4UITests.xctest */ = {isa = PBXFileReference; explicitFileType = wrapper.cfbundle; includeInIndex = 0; path = "Test-5-4UITests.xctest"; sourceTree = BUILT_PRODUCTS_DIR; };
		861D706A231C110800872C1B /* Test_5_4UITests.swift */ = {isa = PBXFileReference; lastKnownFileType = sourcecode.swift; path = Test_5_4UITests.swift; sourceTree = "<group>"; };
		861D706C231C110800872C1B /* Info.plist */ = {isa = PBXFileReference; lastKnownFileType = text.plist.xml; path = Info.plist; sourceTree = "<group>"; };
		861D7078231C114400872C1B /* TopViewController.swift */ = {isa = PBXFileReference; lastKnownFileType = sourcecode.swift; path = TopViewController.swift; sourceTree = "<group>"; };
		861D7079231C114400872C1B /* TopViewController.xib */ = {isa = PBXFileReference; lastKnownFileType = file.xib; path = TopViewController.xib; sourceTree = "<group>"; };
		861D707C231C11A700872C1B /* TopMainView.swift */ = {isa = PBXFileReference; lastKnownFileType = sourcecode.swift; path = TopMainView.swift; sourceTree = "<group>"; };
		861D707D231C11A700872C1B /* TopMainView.xib */ = {isa = PBXFileReference; lastKnownFileType = file.xib; path = TopMainView.xib; sourceTree = "<group>"; };
		861D7080231C11E300872C1B /* TopMainTableViewCell.swift */ = {isa = PBXFileReference; lastKnownFileType = sourcecode.swift; path = TopMainTableViewCell.swift; sourceTree = "<group>"; };
		861D7081231C11E300872C1B /* TopMainTableViewCell.xib */ = {isa = PBXFileReference; lastKnownFileType = file.xib; path = TopMainTableViewCell.xib; sourceTree = "<group>"; };
		8C735638213A30C89A624ED6 /* Pods_Test_5_4.framework */ = {isa = PBXFileReference; explicitFileType = wrapper.framework; includeInIndex = 0; path = Pods_Test_5_4.framework; sourceTree = BUILT_PRODUCTS_DIR; };
		93E7EFBDE3206244FA08D55E /* Pods-Test-5-4.release.xcconfig */ = {isa = PBXFileReference; includeInIndex = 1; lastKnownFileType = text.xcconfig; name = "Pods-Test-5-4.release.xcconfig"; path = "Target Support Files/Pods-Test-5-4/Pods-Test-5-4.release.xcconfig"; sourceTree = "<group>"; };
		9FC86CEB0AF22BC63302D611 /* Pods-Test-5-4UITests.release.xcconfig */ = {isa = PBXFileReference; includeInIndex = 1; lastKnownFileType = text.xcconfig; name = "Pods-Test-5-4UITests.release.xcconfig"; path = "Target Support Files/Pods-Test-5-4UITests/Pods-Test-5-4UITests.release.xcconfig"; sourceTree = "<group>"; };
		A1FAAFE986DF7DF3FDEDF112 /* Pods-Test-5-4UITests.debug.xcconfig */ = {isa = PBXFileReference; includeInIndex = 1; lastKnownFileType = text.xcconfig; name = "Pods-Test-5-4UITests.debug.xcconfig"; path = "Target Support Files/Pods-Test-5-4UITests/Pods-Test-5-4UITests.debug.xcconfig"; sourceTree = "<group>"; };
		EEDFBAFDAFC0346104EBC6B5 /* Pods_Test_5_4Tests.framework */ = {isa = PBXFileReference; explicitFileType = wrapper.framework; includeInIndex = 0; path = Pods_Test_5_4Tests.framework; sourceTree = BUILT_PRODUCTS_DIR; };
/* End PBXFileReference section */

/* Begin PBXFrameworksBuildPhase section */
		861D7044231C110700872C1B /* Frameworks */ = {
			isa = PBXFrameworksBuildPhase;
			buildActionMask = 2147483647;
			files = (
				2697265D6199345CA4595CC1 /* Pods_Test_5_4.framework in Frameworks */,
			);
			runOnlyForDeploymentPostprocessing = 0;
		};
		861D7058231C110800872C1B /* Frameworks */ = {
			isa = PBXFrameworksBuildPhase;
			buildActionMask = 2147483647;
			files = (
				4B3FF8B0F8ACA2143EF20B12 /* Pods_Test_5_4Tests.framework in Frameworks */,
			);
			runOnlyForDeploymentPostprocessing = 0;
		};
		861D7063231C110800872C1B /* Frameworks */ = {
			isa = PBXFrameworksBuildPhase;
			buildActionMask = 2147483647;
			files = (
				48F7D3B71C9510684A09088F /* Pods_Test_5_4UITests.framework in Frameworks */,
			);
			runOnlyForDeploymentPostprocessing = 0;
		};
/* End PBXFrameworksBuildPhase section */

/* Begin PBXGroup section */
		34884617552FEF8D610DBFD8 /* Pods */ = {
			isa = PBXGroup;
			children = (
				31E49B84112FEA064FF2333A /* Pods-Test-5-4.debug.xcconfig */,
				93E7EFBDE3206244FA08D55E /* Pods-Test-5-4.release.xcconfig */,
				0A2A065D55D4D7B39568DD4C /* Pods-Test-5-4Tests.debug.xcconfig */,
				2C2BFFFEC3AE805CA9682653 /* Pods-Test-5-4Tests.release.xcconfig */,
				A1FAAFE986DF7DF3FDEDF112 /* Pods-Test-5-4UITests.debug.xcconfig */,
				9FC86CEB0AF22BC63302D611 /* Pods-Test-5-4UITests.release.xcconfig */,
			);
			path = Pods;
			sourceTree = "<group>";
		};
		861D703E231C110700872C1B = {
			isa = PBXGroup;
			children = (
				861D7049231C110700872C1B /* Test-5-4 */,
				861D705E231C110800872C1B /* Test-5-4Tests */,
				861D7069231C110800872C1B /* Test-5-4UITests */,
				861D7048231C110700872C1B /* Products */,
				34884617552FEF8D610DBFD8 /* Pods */,
				9B5EAA7217E89CBBCB565A62 /* Frameworks */,
			);
			sourceTree = "<group>";
		};
		861D7048231C110700872C1B /* Products */ = {
			isa = PBXGroup;
			children = (
				861D7047231C110700872C1B /* Test-5-4.app */,
				861D705B231C110800872C1B /* Test-5-4Tests.xctest */,
				861D7066231C110800872C1B /* Test-5-4UITests.xctest */,
			);
			name = Products;
			sourceTree = "<group>";
		};
		861D7049231C110700872C1B /* Test-5-4 */ = {
			isa = PBXGroup;
			children = (
				861D704A231C110700872C1B /* AppDelegate.swift */,
				861D704C231C110700872C1B /* ViewController.swift */,
				861D704E231C110700872C1B /* Main.storyboard */,
				861D7051231C110800872C1B /* Assets.xcassets */,
				861D7053231C110800872C1B /* LaunchScreen.storyboard */,
				861D7056231C110800872C1B /* Info.plist */,
				861D7078231C114400872C1B /* TopViewController.swift */,
				861D7079231C114400872C1B /* TopViewController.xib */,
				861D707C231C11A700872C1B /* TopMainView.swift */,
				861D707D231C11A700872C1B /* TopMainView.xib */,
				861D7080231C11E300872C1B /* TopMainTableViewCell.swift */,
				861D7081231C11E300872C1B /* TopMainTableViewCell.xib */,
			);
			path = "Test-5-4";
			sourceTree = "<group>";
		};
		861D705E231C110800872C1B /* Test-5-4Tests */ = {
			isa = PBXGroup;
			children = (
				861D705F231C110800872C1B /* Test_5_4Tests.swift */,
				861D7061231C110800872C1B /* Info.plist */,
			);
			path = "Test-5-4Tests";
			sourceTree = "<group>";
		};
		861D7069231C110800872C1B /* Test-5-4UITests */ = {
			isa = PBXGroup;
			children = (
				861D706A231C110800872C1B /* Test_5_4UITests.swift */,
				861D706C231C110800872C1B /* Info.plist */,
			);
			path = "Test-5-4UITests";
			sourceTree = "<group>";
		};
		9B5EAA7217E89CBBCB565A62 /* Frameworks */ = {
			isa = PBXGroup;
			children = (
				8C735638213A30C89A624ED6 /* Pods_Test_5_4.framework */,
				EEDFBAFDAFC0346104EBC6B5 /* Pods_Test_5_4Tests.framework */,
				43A583F0620CB64C660CA62C /* Pods_Test_5_4UITests.framework */,
			);
			name = Frameworks;
			sourceTree = "<group>";
		};
/* End PBXGroup section */

/* Begin PBXNativeTarget section */
		861D7046231C110700872C1B /* Test-5-4 */ = {
			isa = PBXNativeTarget;
			buildConfigurationList = 861D706F231C110800872C1B /* Build configuration list for PBXNativeTarget "Test-5-4" */;
			buildPhases = (
				EB310E0BD960CA015F06968B /* [CP] Check Pods Manifest.lock */,
				861D7043231C110700872C1B /* Sources */,
				861D7044231C110700872C1B /* Frameworks */,
				861D7045231C110700872C1B /* Resources */,
				C2CAE5C99F19BCF56B197F3B /* [CP] Embed Pods Frameworks */,
			);
			buildRules = (
			);
			dependencies = (
			);
			name = "Test-5-4";
			productName = "Test-5-4";
			productReference = 861D7047231C110700872C1B /* Test-5-4.app */;
			productType = "com.apple.product-type.application";
		};
		861D705A231C110800872C1B /* Test-5-4Tests */ = {
			isa = PBXNativeTarget;
			buildConfigurationList = 861D7072231C110800872C1B /* Build configuration list for PBXNativeTarget "Test-5-4Tests" */;
			buildPhases = (
				D772500ED2D117D9D2F3EC83 /* [CP] Check Pods Manifest.lock */,
				861D7057231C110800872C1B /* Sources */,
				861D7058231C110800872C1B /* Frameworks */,
				861D7059231C110800872C1B /* Resources */,
			);
			buildRules = (
			);
			dependencies = (
				861D705D231C110800872C1B /* PBXTargetDependency */,
			);
			name = "Test-5-4Tests";
			productName = "Test-5-4Tests";
			productReference = 861D705B231C110800872C1B /* Test-5-4Tests.xctest */;
			productType = "com.apple.product-type.bundle.unit-test";
		};
		861D7065231C110800872C1B /* Test-5-4UITests */ = {
			isa = PBXNativeTarget;
			buildConfigurationList = 861D7075231C110800872C1B /* Build configuration list for PBXNativeTarget "Test-5-4UITests" */;
			buildPhases = (
				9D710A797E4C6B7086C49197 /* [CP] Check Pods Manifest.lock */,
				861D7062231C110800872C1B /* Sources */,
				861D7063231C110800872C1B /* Frameworks */,
				861D7064231C110800872C1B /* Resources */,
			);
			buildRules = (
			);
			dependencies = (
				861D7068231C110800872C1B /* PBXTargetDependency */,
			);
			name = "Test-5-4UITests";
			productName = "Test-5-4UITests";
			productReference = 861D7066231C110800872C1B /* Test-5-4UITests.xctest */;
			productType = "com.apple.product-type.bundle.ui-testing";
		};
/* End PBXNativeTarget section */

/* Begin PBXProject section */
		861D703F231C110700872C1B /* Project object */ = {
			isa = PBXProject;
			attributes = {
				LastSwiftUpdateCheck = 1030;
				LastUpgradeCheck = 1030;
				ORGANIZATIONNAME = "多可楽";
				TargetAttributes = {
					861D7046231C110700872C1B = {
						CreatedOnToolsVersion = 10.3;
					};
					861D705A231C110800872C1B = {
						CreatedOnToolsVersion = 10.3;
						TestTargetID = 861D7046231C110700872C1B;
					};
					861D7065231C110800872C1B = {
						CreatedOnToolsVersion = 10.3;
						TestTargetID = 861D7046231C110700872C1B;
					};
				};
			};
			buildConfigurationList = 861D7042231C110700872C1B /* Build configuration list for PBXProject "Test-5-4" */;
			compatibilityVersion = "Xcode 9.3";
			developmentRegion = en;
			hasScannedForEncodings = 0;
			knownRegions = (
				en,
				Base,
			);
			mainGroup = 861D703E231C110700872C1B;
			productRefGroup = 861D7048231C110700872C1B /* Products */;
			projectDirPath = "";
			projectRoot = "";
			targets = (
				861D7046231C110700872C1B /* Test-5-4 */,
				861D705A231C110800872C1B /* Test-5-4Tests */,
				861D7065231C110800872C1B /* Test-5-4UITests */,
			);
		};
/* End PBXProject section */

/* Begin PBXResourcesBuildPhase section */
		861D7045231C110700872C1B /* Resources */ = {
			isa = PBXResourcesBuildPhase;
			buildActionMask = 2147483647;
			files = (
				861D707F231C11A700872C1B /* TopMainView.xib in Resources */,
				861D707B231C114400872C1B /* TopViewController.xib in Resources */,
				861D7055231C110800872C1B /* LaunchScreen.storyboard in Resources */,
				861D7052231C110800872C1B /* Assets.xcassets in Resources */,
				861D7083231C11E300872C1B /* TopMainTableViewCell.xib in Resources */,
				861D7050231C110700872C1B /* Main.storyboard in Resources */,
			);
			runOnlyForDeploymentPostprocessing = 0;
		};
		861D7059231C110800872C1B /* Resources */ = {
			isa = PBXResourcesBuildPhase;
			buildActionMask = 2147483647;
			files = (
			);
			runOnlyForDeploymentPostprocessing = 0;
		};
		861D7064231C110800872C1B /* Resources */ = {
			isa = PBXResourcesBuildPhase;
			buildActionMask = 2147483647;
			files = (
			);
			runOnlyForDeploymentPostprocessing = 0;
		};
/* End PBXResourcesBuildPhase section */

/* Begin PBXShellScriptBuildPhase section */
		9D710A797E4C6B7086C49197 /* [CP] Check Pods Manifest.lock */ = {
			isa = PBXShellScriptBuildPhase;
			buildActionMask = 2147483647;
			files = (
			);
			inputFileListPaths = (
			);
			inputPaths = (
				"${PODS_PODFILE_DIR_PATH}/Podfile.lock",
				"${PODS_ROOT}/Manifest.lock",
			);
			name = "[CP] Check Pods Manifest.lock";
			outputFileListPaths = (
			);
			outputPaths = (
				"$(DERIVED_FILE_DIR)/Pods-Test-5-4UITests-checkManifestLockResult.txt",
			);
			runOnlyForDeploymentPostprocessing = 0;
			shellPath = /bin/sh;
			shellScript = "diff \"${PODS_PODFILE_DIR_PATH}/Podfile.lock\" \"${PODS_ROOT}/Manifest.lock\" > /dev/null\nif [ $? != 0 ] ; then\n    # print error to STDERR\n    echo \"error: The sandbox is not in sync with the Podfile.lock. Run 'pod install' or update your CocoaPods installation.\" >&2\n    exit 1\nfi\n# This output is used by Xcode 'outputs' to avoid re-running this script phase.\necho \"SUCCESS\" > \"${SCRIPT_OUTPUT_FILE_0}\"\n";
			showEnvVarsInLog = 0;
		};
		C2CAE5C99F19BCF56B197F3B /* [CP] Embed Pods Frameworks */ = {
			isa = PBXShellScriptBuildPhase;
			buildActionMask = 2147483647;
			files = (
			);
			inputFileListPaths = (
				"${PODS_ROOT}/Target Support Files/Pods-Test-5-4/Pods-Test-5-4-frameworks-${CONFIGURATION}-input-files.xcfilelist",
			);
			name = "[CP] Embed Pods Frameworks";
			outputFileListPaths = (
				"${PODS_ROOT}/Target Support Files/Pods-Test-5-4/Pods-Test-5-4-frameworks-${CONFIGURATION}-output-files.xcfilelist",
			);
			runOnlyForDeploymentPostprocessing = 0;
			shellPath = /bin/sh;
			shellScript = "\"${PODS_ROOT}/Target Support Files/Pods-Test-5-4/Pods-Test-5-4-frameworks.sh\"\n";
			showEnvVarsInLog = 0;
		};
		D772500ED2D117D9D2F3EC83 /* [CP] Check Pods Manifest.lock */ = {
			isa = PBXShellScriptBuildPhase;
			buildActionMask = 2147483647;
			files = (
			);
			inputFileListPaths = (
			);
			inputPaths = (
				"${PODS_PODFILE_DIR_PATH}/Podfile.lock",
				"${PODS_ROOT}/Manifest.lock",
			);
			name = "[CP] Check Pods Manifest.lock";
			outputFileListPaths = (
			);
			outputPaths = (
				"$(DERIVED_FILE_DIR)/Pods-Test-5-4Tests-checkManifestLockResult.txt",
			);
			runOnlyForDeploymentPostprocessing = 0;
			shellPath = /bin/sh;
			shellScript = "diff \"${PODS_PODFILE_DIR_PATH}/Podfile.lock\" \"${PODS_ROOT}/Manifest.lock\" > /dev/null\nif [ $? != 0 ] ; then\n    # print error to STDERR\n    echo \"error: The sandbox is not in sync with the Podfile.lock. Run 'pod install' or update your CocoaPods installation.\" >&2\n    exit 1\nfi\n# This output is used by Xcode 'outputs' to avoid re-running this script phase.\necho \"SUCCESS\" > \"${SCRIPT_OUTPUT_FILE_0}\"\n";
			showEnvVarsInLog = 0;
		};
		EB310E0BD960CA015F06968B /* [CP] Check Pods Manifest.lock */ = {
			isa = PBXShellScriptBuildPhase;
			buildActionMask = 2147483647;
			files = (
			);
			inputFileListPaths = (
			);
			inputPaths = (
				"${PODS_PODFILE_DIR_PATH}/Podfile.lock",
				"${PODS_ROOT}/Manifest.lock",
			);
			name = "[CP] Check Pods Manifest.lock";
			outputFileListPaths = (
			);
			outputPaths = (
				"$(DERIVED_FILE_DIR)/Pods-Test-5-4-checkManifestLockResult.txt",
			);
			runOnlyForDeploymentPostprocessing = 0;
			shellPath = /bin/sh;
			shellScript = "diff \"${PODS_PODFILE_DIR_PATH}/Podfile.lock\" \"${PODS_ROOT}/Manifest.lock\" > /dev/null\nif [ $? != 0 ] ; then\n    # print error to STDERR\n    echo \"error: The sandbox is not in sync with the Podfile.lock. Run 'pod install' or update your CocoaPods installation.\" >&2\n    exit 1\nfi\n# This output is used by Xcode 'outputs' to avoid re-running this script phase.\necho \"SUCCESS\" > \"${SCRIPT_OUTPUT_FILE_0}\"\n";
			showEnvVarsInLog = 0;
		};
/* End PBXShellScriptBuildPhase section */

/* Begin PBXSourcesBuildPhase section */
		861D7043231C110700872C1B /* Sources */ = {
			isa = PBXSourcesBuildPhase;
			buildActionMask = 2147483647;
			files = (
				861D7082231C11E300872C1B /* TopMainTableViewCell.swift in Sources */,
				861D707A231C114400872C1B /* TopViewController.swift in Sources */,
				861D704D231C110700872C1B /* ViewController.swift in Sources */,
				861D704B231C110700872C1B /* AppDelegate.swift in Sources */,
				861D707E231C11A700872C1B /* TopMainView.swift in Sources */,
			);
			runOnlyForDeploymentPostprocessing = 0;
		};
		861D7057231C110800872C1B /* Sources */ = {
			isa = PBXSourcesBuildPhase;
			buildActionMask = 2147483647;
			files = (
				861D7060231C110800872C1B /* Test_5_4Tests.swift in Sources */,
			);
			runOnlyForDeploymentPostprocessing = 0;
		};
		861D7062231C110800872C1B /* Sources */ = {
			isa = PBXSourcesBuildPhase;
			buildActionMask = 2147483647;
			files = (
				861D706B231C110800872C1B /* Test_5_4UITests.swift in Sources */,
			);
			runOnlyForDeploymentPostprocessing = 0;
		};
/* End PBXSourcesBuildPhase section */

/* Begin PBXTargetDependency section */
		861D705D231C110800872C1B /* PBXTargetDependency */ = {
			isa = PBXTargetDependency;
			target = 861D7046231C110700872C1B /* Test-5-4 */;
			targetProxy = 861D705C231C110800872C1B /* PBXContainerItemProxy */;
		};
		861D7068231C110800872C1B /* PBXTargetDependency */ = {
			isa = PBXTargetDependency;
			target = 861D7046231C110700872C1B /* Test-5-4 */;
			targetProxy = 861D7067231C110800872C1B /* PBXContainerItemProxy */;
		};
/* End PBXTargetDependency section */

/* Begin PBXVariantGroup section */
		861D704E231C110700872C1B /* Main.storyboard */ = {
			isa = PBXVariantGroup;
			children = (
				861D704F231C110700872C1B /* Base */,
			);
			name = Main.storyboard;
			sourceTree = "<group>";
		};
		861D7053231C110800872C1B /* LaunchScreen.storyboard */ = {
			isa = PBXVariantGroup;
			children = (
				861D7054231C110800872C1B /* Base */,
			);
			name = LaunchScreen.storyboard;
			sourceTree = "<group>";
		};
/* End PBXVariantGroup section */

/* Begin XCBuildConfiguration section */
		861D706D231C110800872C1B /* Debug */ = {
			isa = XCBuildConfiguration;
			buildSettings = {
				ALWAYS_SEARCH_USER_PATHS = NO;
				CLANG_ANALYZER_NONNULL = YES;
				CLANG_ANALYZER_NUMBER_OBJECT_CONVERSION = YES_AGGRESSIVE;
				CLANG_CXX_LANGUAGE_STANDARD = "gnu++14";
				CLANG_CXX_LIBRARY = "libc++";
				CLANG_ENABLE_MODULES = YES;
				CLANG_ENABLE_OBJC_ARC = YES;
				CLANG_ENABLE_OBJC_WEAK = YES;
				CLANG_WARN_BLOCK_CAPTURE_AUTORELEASING = YES;
				CLANG_WARN_BOOL_CONVERSION = YES;
				CLANG_WARN_COMMA = YES;
				CLANG_WARN_CONSTANT_CONVERSION = YES;
				CLANG_WARN_DEPRECATED_OBJC_IMPLEMENTATIONS = YES;
				CLANG_WARN_DIRECT_OBJC_ISA_USAGE = YES_ERROR;
				CLANG_WARN_DOCUMENTATION_COMMENTS = YES;
				CLANG_WARN_EMPTY_BODY = YES;
				CLANG_WARN_ENUM_CONVERSION = YES;
				CLANG_WARN_INFINITE_RECURSION = YES;
				CLANG_WARN_INT_CONVERSION = YES;
				CLANG_WARN_NON_LITERAL_NULL_CONVERSION = YES;
				CLANG_WARN_OBJC_IMPLICIT_RETAIN_SELF = YES;
				CLANG_WARN_OBJC_LITERAL_CONVERSION = YES;
				CLANG_WARN_OBJC_ROOT_CLASS = YES_ERROR;
				CLANG_WARN_RANGE_LOOP_ANALYSIS = YES;
				CLANG_WARN_STRICT_PROTOTYPES = YES;
				CLANG_WARN_SUSPICIOUS_MOVE = YES;
				CLANG_WARN_UNGUARDED_AVAILABILITY = YES_AGGRESSIVE;
				CLANG_WARN_UNREACHABLE_CODE = YES;
				CLANG_WARN__DUPLICATE_METHOD_MATCH = YES;
				CODE_SIGN_IDENTITY = "iPhone Developer";
				COPY_PHASE_STRIP = NO;
				DEBUG_INFORMATION_FORMAT = dwarf;
				ENABLE_STRICT_OBJC_MSGSEND = YES;
				ENABLE_TESTABILITY = YES;
				GCC_C_LANGUAGE_STANDARD = gnu11;
				GCC_DYNAMIC_NO_PIC = NO;
				GCC_NO_COMMON_BLOCKS = YES;
				GCC_OPTIMIZATION_LEVEL = 0;
				GCC_PREPROCESSOR_DEFINITIONS = (
					"DEBUG=1",
					"$(inherited)",
				);
				GCC_WARN_64_TO_32_BIT_CONVERSION = YES;
				GCC_WARN_ABOUT_RETURN_TYPE = YES_ERROR;
				GCC_WARN_UNDECLARED_SELECTOR = YES;
				GCC_WARN_UNINITIALIZED_AUTOS = YES_AGGRESSIVE;
				GCC_WARN_UNUSED_FUNCTION = YES;
				GCC_WARN_UNUSED_VARIABLE = YES;
				IPHONEOS_DEPLOYMENT_TARGET = 12.4;
				MTL_ENABLE_DEBUG_INFO = INCLUDE_SOURCE;
				MTL_FAST_MATH = YES;
				ONLY_ACTIVE_ARCH = YES;
				SDKROOT = iphoneos;
				SWIFT_ACTIVE_COMPILATION_CONDITIONS = DEBUG;
				SWIFT_OPTIMIZATION_LEVEL = "-Onone";
			};
			name = Debug;
		};
		861D706E231C110800872C1B /* Release */ = {
			isa = XCBuildConfiguration;
			buildSettings = {
				ALWAYS_SEARCH_USER_PATHS = NO;
				CLANG_ANALYZER_NONNULL = YES;
				CLANG_ANALYZER_NUMBER_OBJECT_CONVERSION = YES_AGGRESSIVE;
				CLANG_CXX_LANGUAGE_STANDARD = "gnu++14";
				CLANG_CXX_LIBRARY = "libc++";
				CLANG_ENABLE_MODULES = YES;
				CLANG_ENABLE_OBJC_ARC = YES;
				CLANG_ENABLE_OBJC_WEAK = YES;
				CLANG_WARN_BLOCK_CAPTURE_AUTORELEASING = YES;
				CLANG_WARN_BOOL_CONVERSION = YES;
				CLANG_WARN_COMMA = YES;
				CLANG_WARN_CONSTANT_CONVERSION = YES;
				CLANG_WARN_DEPRECATED_OBJC_IMPLEMENTATIONS = YES;
				CLANG_WARN_DIRECT_OBJC_ISA_USAGE = YES_ERROR;
				CLANG_WARN_DOCUMENTATION_COMMENTS = YES;
				CLANG_WARN_EMPTY_BODY = YES;
				CLANG_WARN_ENUM_CONVERSION = YES;
				CLANG_WARN_INFINITE_RECURSION = YES;
				CLANG_WARN_INT_CONVERSION = YES;
				CLANG_WARN_NON_LITERAL_NULL_CONVERSION = YES;
				CLANG_WARN_OBJC_IMPLICIT_RETAIN_SELF = YES;
				CLANG_WARN_OBJC_LITERAL_CONVERSION = YES;
				CLANG_WARN_OBJC_ROOT_CLASS = YES_ERROR;
				CLANG_WARN_RANGE_LOOP_ANALYSIS = YES;
				CLANG_WARN_STRICT_PROTOTYPES = YES;
				CLANG_WARN_SUSPICIOUS_MOVE = YES;
				CLANG_WARN_UNGUARDED_AVAILABILITY = YES_AGGRESSIVE;
				CLANG_WARN_UNREACHABLE_CODE = YES;
				CLANG_WARN__DUPLICATE_METHOD_MATCH = YES;
				CODE_SIGN_IDENTITY = "iPhone Developer";
				COPY_PHASE_STRIP = NO;
				DEBUG_INFORMATION_FORMAT = "dwarf-with-dsym";
				ENABLE_NS_ASSERTIONS = NO;
				ENABLE_STRICT_OBJC_MSGSEND = YES;
				GCC_C_LANGUAGE_STANDARD = gnu11;
				GCC_NO_COMMON_BLOCKS = YES;
				GCC_WARN_64_TO_32_BIT_CONVERSION = YES;
				GCC_WARN_ABOUT_RETURN_TYPE = YES_ERROR;
				GCC_WARN_UNDECLARED_SELECTOR = YES;
				GCC_WARN_UNINITIALIZED_AUTOS = YES_AGGRESSIVE;
				GCC_WARN_UNUSED_FUNCTION = YES;
				GCC_WARN_UNUSED_VARIABLE = YES;
				IPHONEOS_DEPLOYMENT_TARGET = 12.4;
				MTL_ENABLE_DEBUG_INFO = NO;
				MTL_FAST_MATH = YES;
				SDKROOT = iphoneos;
				SWIFT_COMPILATION_MODE = wholemodule;
				SWIFT_OPTIMIZATION_LEVEL = "-O";
				VALIDATE_PRODUCT = YES;
			};
			name = Release;
		};
		861D7070231C110800872C1B /* Debug */ = {
			isa = XCBuildConfiguration;
			baseConfigurationReference = 31E49B84112FEA064FF2333A /* Pods-Test-5-4.debug.xcconfig */;
			buildSettings = {
				ASSETCATALOG_COMPILER_APPICON_NAME = AppIcon;
				CODE_SIGN_STYLE = Automatic;
				INFOPLIST_FILE = "Test-5-4/Info.plist";
				LD_RUNPATH_SEARCH_PATHS = (
					"$(inherited)",
					"@executable_path/Frameworks",
				);
				PRODUCT_BUNDLE_IDENTIFIER = "aaaa.Test-5-4";
				PRODUCT_NAME = "$(TARGET_NAME)";
				SWIFT_VERSION = 5.0;
				TARGETED_DEVICE_FAMILY = "1,2";
			};
			name = Debug;
		};
		861D7071231C110800872C1B /* Release */ = {
			isa = XCBuildConfiguration;
			baseConfigurationReference = 93E7EFBDE3206244FA08D55E /* Pods-Test-5-4.release.xcconfig */;
			buildSettings = {
				ASSETCATALOG_COMPILER_APPICON_NAME = AppIcon;
				CODE_SIGN_STYLE = Automatic;
				INFOPLIST_FILE = "Test-5-4/Info.plist";
				LD_RUNPATH_SEARCH_PATHS = (
					"$(inherited)",
					"@executable_path/Frameworks",
				);
				PRODUCT_BUNDLE_IDENTIFIER = "aaaa.Test-5-4";
				PRODUCT_NAME = "$(TARGET_NAME)";
				SWIFT_VERSION = 5.0;
				TARGETED_DEVICE_FAMILY = "1,2";
			};
			name = Release;
		};
		861D7073231C110800872C1B /* Debug */ = {
			isa = XCBuildConfiguration;
			baseConfigurationReference = 0A2A065D55D4D7B39568DD4C /* Pods-Test-5-4Tests.debug.xcconfig */;
			buildSettings = {
				ALWAYS_EMBED_SWIFT_STANDARD_LIBRARIES = YES;
				BUNDLE_LOADER = "$(TEST_HOST)";
				CODE_SIGN_STYLE = Automatic;
				INFOPLIST_FILE = "Test-5-4Tests/Info.plist";
				LD_RUNPATH_SEARCH_PATHS = (
					"$(inherited)",
					"@executable_path/Frameworks",
					"@loader_path/Frameworks",
				);
				PRODUCT_BUNDLE_IDENTIFIER = "aaaa.Test-5-4Tests";
				PRODUCT_NAME = "$(TARGET_NAME)";
				SWIFT_VERSION = 5.0;
				TARGETED_DEVICE_FAMILY = "1,2";
				TEST_HOST = "$(BUILT_PRODUCTS_DIR)/Test-5-4.app/Test-5-4";
			};
			name = Debug;
		};
		861D7074231C110800872C1B /* Release */ = {
			isa = XCBuildConfiguration;
			baseConfigurationReference = 2C2BFFFEC3AE805CA9682653 /* Pods-Test-5-4Tests.release.xcconfig */;
			buildSettings = {
				ALWAYS_EMBED_SWIFT_STANDARD_LIBRARIES = YES;
				BUNDLE_LOADER = "$(TEST_HOST)";
				CODE_SIGN_STYLE = Automatic;
				INFOPLIST_FILE = "Test-5-4Tests/Info.plist";
				LD_RUNPATH_SEARCH_PATHS = (
					"$(inherited)",
					"@executable_path/Frameworks",
					"@loader_path/Frameworks",
				);
				PRODUCT_BUNDLE_IDENTIFIER = "aaaa.Test-5-4Tests";
				PRODUCT_NAME = "$(TARGET_NAME)";
				SWIFT_VERSION = 5.0;
				TARGETED_DEVICE_FAMILY = "1,2";
				TEST_HOST = "$(BUILT_PRODUCTS_DIR)/Test-5-4.app/Test-5-4";
			};
			name = Release;
		};
		861D7076231C110800872C1B /* Debug */ = {
			isa = XCBuildConfiguration;
			baseConfigurationReference = A1FAAFE986DF7DF3FDEDF112 /* Pods-Test-5-4UITests.debug.xcconfig */;
			buildSettings = {
				ALWAYS_EMBED_SWIFT_STANDARD_LIBRARIES = YES;
				CODE_SIGN_STYLE = Automatic;
				INFOPLIST_FILE = "Test-5-4UITests/Info.plist";
				LD_RUNPATH_SEARCH_PATHS = (
					"$(inherited)",
					"@executable_path/Frameworks",
					"@loader_path/Frameworks",
				);
				PRODUCT_BUNDLE_IDENTIFIER = "aaaa.Test-5-4UITests";
				PRODUCT_NAME = "$(TARGET_NAME)";
				SWIFT_VERSION = 5.0;
				TARGETED_DEVICE_FAMILY = "1,2";
				TEST_TARGET_NAME = "Test-5-4";
			};
			name = Debug;
		};
		861D7077231C110800872C1B /* Release */ = {
			isa = XCBuildConfiguration;
			baseConfigurationReference = 9FC86CEB0AF22BC63302D611 /* Pods-Test-5-4UITests.release.xcconfig */;
			buildSettings = {
				ALWAYS_EMBED_SWIFT_STANDARD_LIBRARIES = YES;
				CODE_SIGN_STYLE = Automatic;
				INFOPLIST_FILE = "Test-5-4UITests/Info.plist";
				LD_RUNPATH_SEARCH_PATHS = (
					"$(inherited)",
					"@executable_path/Frameworks",
					"@loader_path/Frameworks",
				);
				PRODUCT_BUNDLE_IDENTIFIER = "aaaa.Test-5-4UITests";
				PRODUCT_NAME = "$(TARGET_NAME)";
				SWIFT_VERSION = 5.0;
				TARGETED_DEVICE_FAMILY = "1,2";
				TEST_TARGET_NAME = "Test-5-4";
			};
			name = Release;
		};
/* End XCBuildConfiguration section */

/* Begin XCConfigurationList section */
		861D7042231C110700872C1B /* Build configuration list for PBXProject "Test-5-4" */ = {
			isa = XCConfigurationList;
			buildConfigurations = (
				861D706D231C110800872C1B /* Debug */,
				861D706E231C110800872C1B /* Release */,
			);
			defaultConfigurationIsVisible = 0;
			defaultConfigurationName = Release;
		};
		861D706F231C110800872C1B /* Build configuration list for PBXNativeTarget "Test-5-4" */ = {
			isa = XCConfigurationList;
			buildConfigurations = (
				861D7070231C110800872C1B /* Debug */,
				861D7071231C110800872C1B /* Release */,
			);
			defaultConfigurationIsVisible = 0;
			defaultConfigurationName = Release;
		};
		861D7072231C110800872C1B /* Build configuration list for PBXNativeTarget "Test-5-4Tests" */ = {
			isa = XCConfigurationList;
			buildConfigurations = (
				861D7073231C110800872C1B /* Debug */,
				861D7074231C110800872C1B /* Release */,
			);
			defaultConfigurationIsVisible = 0;
			defaultConfigurationName = Release;
		};
		861D7075231C110800872C1B /* Build configuration list for PBXNativeTarget "Test-5-4UITests" */ = {
			isa = XCConfigurationList;
			buildConfigurations = (
				861D7076231C110800872C1B /* Debug */,
				861D7077231C110800872C1B /* Release */,
			);
			defaultConfigurationIsVisible = 0;
			defaultConfigurationName = Release;
		};
/* End XCConfigurationList section */
	};
	rootObject = 861D703F231C110700872C1B /* Project object */;
}
